// !$*UTF8*$!
{
	archiveVersion = 1;
	classes = {
	};
	objectVersion = 46;
	objects = {

/* Begin PBXBuildFile section */
		A5537B8A1DEF427C00C48FC2 /* BaseWeatherProtocol.swift in Sources */ = {isa = PBXBuildFile; fileRef = A5537B771DEF427C00C48FC2 /* BaseWeatherProtocol.swift */; };
		A5537B8B1DEF427C00C48FC2 /* CurrentWeatherProtocol.swift in Sources */ = {isa = PBXBuildFile; fileRef = A5537B781DEF427C00C48FC2 /* CurrentWeatherProtocol.swift */; };
		A5537B8C1DEF427C00C48FC2 /* DailyWeatherProtocol.swift in Sources */ = {isa = PBXBuildFile; fileRef = A5537B791DEF427C00C48FC2 /* DailyWeatherProtocol.swift */; };
		A5537B8D1DEF427C00C48FC2 /* HourlyWeatherProtocol.swift in Sources */ = {isa = PBXBuildFile; fileRef = A5537B7A1DEF427C00C48FC2 /* HourlyWeatherProtocol.swift */; };
		A5537B8E1DEF427C00C48FC2 /* BaseWeatherViewModelProtocol.swift in Sources */ = {isa = PBXBuildFile; fileRef = A5537B7C1DEF427C00C48FC2 /* BaseWeatherViewModelProtocol.swift */; };
		A5537B8F1DEF427C00C48FC2 /* CurrentWeatherViewModelProtocol.swift in Sources */ = {isa = PBXBuildFile; fileRef = A5537B7D1DEF427C00C48FC2 /* CurrentWeatherViewModelProtocol.swift */; };
		A5537B901DEF427C00C48FC2 /* DailyWeatherViewModelProtocol.swift in Sources */ = {isa = PBXBuildFile; fileRef = A5537B7E1DEF427C00C48FC2 /* DailyWeatherViewModelProtocol.swift */; };
		A5537B911DEF427C00C48FC2 /* HourlyWeatherViewModelProtocol.swift in Sources */ = {isa = PBXBuildFile; fileRef = A5537B7F1DEF427C00C48FC2 /* HourlyWeatherViewModelProtocol.swift */; };
		A5537B921DEF427C00C48FC2 /* CurrentWeatherModel.swift in Sources */ = {isa = PBXBuildFile; fileRef = A5537B811DEF427C00C48FC2 /* CurrentWeatherModel.swift */; };
		A5537B931DEF427C00C48FC2 /* DailyWeatherModel.swift in Sources */ = {isa = PBXBuildFile; fileRef = A5537B821DEF427C00C48FC2 /* DailyWeatherModel.swift */; };
		A5537B941DEF427C00C48FC2 /* HourlyWeatherModel.swift in Sources */ = {isa = PBXBuildFile; fileRef = A5537B831DEF427C00C48FC2 /* HourlyWeatherModel.swift */; };
		A5537B951DEF427C00C48FC2 /* WeatherView.swift in Sources */ = {isa = PBXBuildFile; fileRef = A5537B851DEF427C00C48FC2 /* WeatherView.swift */; };
		A5537B961DEF427C00C48FC2 /* CurrentWeatherViewModel.swift in Sources */ = {isa = PBXBuildFile; fileRef = A5537B871DEF427C00C48FC2 /* CurrentWeatherViewModel.swift */; };
		A5537B971DEF427C00C48FC2 /* DailyWeatherViewModel.swift in Sources */ = {isa = PBXBuildFile; fileRef = A5537B881DEF427C00C48FC2 /* DailyWeatherViewModel.swift */; };
		A5537B981DEF427C00C48FC2 /* HourlyWeatherViewModel.swift in Sources */ = {isa = PBXBuildFile; fileRef = A5537B891DEF427C00C48FC2 /* HourlyWeatherViewModel.swift */; };
		A5537BA31DEF42A100C48FC2 /* ColorExtension.swift in Sources */ = {isa = PBXBuildFile; fileRef = A5537B9A1DEF42A100C48FC2 /* ColorExtension.swift */; };
		A5537BA41DEF42A100C48FC2 /* DesignableViewExtension.swift in Sources */ = {isa = PBXBuildFile; fileRef = A5537B9B1DEF42A100C48FC2 /* DesignableViewExtension.swift */; };
		A5537BA51DEF42A100C48FC2 /* Dynamic.swift in Sources */ = {isa = PBXBuildFile; fileRef = A5537B9C1DEF42A100C48FC2 /* Dynamic.swift */; };
		A5537BA61DEF42A100C48FC2 /* ImageViewExtension.swift in Sources */ = {isa = PBXBuildFile; fileRef = A5537B9D1DEF42A100C48FC2 /* ImageViewExtension.swift */; };
		A5537BA71DEF42A100C48FC2 /* RandomNumberExtension.swift in Sources */ = {isa = PBXBuildFile; fileRef = A5537B9E1DEF42A100C48FC2 /* RandomNumberExtension.swift */; };
		A5537BA81DEF42A100C48FC2 /* AppDelegate.swift in Sources */ = {isa = PBXBuildFile; fileRef = A5537BA01DEF42A100C48FC2 /* AppDelegate.swift */; };
		A5537BA91DEF42A100C48FC2 /* ColorsHelper.swift in Sources */ = {isa = PBXBuildFile; fileRef = A5537BA21DEF42A100C48FC2 /* ColorsHelper.swift */; };
		A5F62CF11DEAC79100B37585 /* Assets.xcassets in Resources */ = {isa = PBXBuildFile; fileRef = A5F62CE81DEAC79100B37585 /* Assets.xcassets */; };
		A5F62CF21DEAC79100B37585 /* LaunchScreen.storyboard in Resources */ = {isa = PBXBuildFile; fileRef = A5F62CE91DEAC79100B37585 /* LaunchScreen.storyboard */; };
		A5F62CF31DEAC79100B37585 /* Main.storyboard in Resources */ = {isa = PBXBuildFile; fileRef = A5F62CEB1DEAC79100B37585 /* Main.storyboard */; };
		A5F62CFD1DEACB6700B37585 /* Info.plist in Resources */ = {isa = PBXBuildFile; fileRef = A5F62CFC1DEACB6700B37585 /* Info.plist */; };
/* End PBXBuildFile section */

/* Begin PBXFileReference section */
		A5537B771DEF427C00C48FC2 /* BaseWeatherProtocol.swift */ = {isa = PBXFileReference; fileEncoding = 4; lastKnownFileType = sourcecode.swift; path = BaseWeatherProtocol.swift; sourceTree = "<group>"; };
		A5537B781DEF427C00C48FC2 /* CurrentWeatherProtocol.swift */ = {isa = PBXFileReference; fileEncoding = 4; lastKnownFileType = sourcecode.swift; path = CurrentWeatherProtocol.swift; sourceTree = "<group>"; };
		A5537B791DEF427C00C48FC2 /* DailyWeatherProtocol.swift */ = {isa = PBXFileReference; fileEncoding = 4; lastKnownFileType = sourcecode.swift; path = DailyWeatherProtocol.swift; sourceTree = "<group>"; };
		A5537B7A1DEF427C00C48FC2 /* HourlyWeatherProtocol.swift */ = {isa = PBXFileReference; fileEncoding = 4; lastKnownFileType = sourcecode.swift; path = HourlyWeatherProtocol.swift; sourceTree = "<group>"; };
		A5537B7C1DEF427C00C48FC2 /* BaseWeatherViewModelProtocol.swift */ = {isa = PBXFileReference; fileEncoding = 4; lastKnownFileType = sourcecode.swift; path = BaseWeatherViewModelProtocol.swift; sourceTree = "<group>"; };
		A5537B7D1DEF427C00C48FC2 /* CurrentWeatherViewModelProtocol.swift */ = {isa = PBXFileReference; fileEncoding = 4; lastKnownFileType = sourcecode.swift; path = CurrentWeatherViewModelProtocol.swift; sourceTree = "<group>"; };
		A5537B7E1DEF427C00C48FC2 /* DailyWeatherViewModelProtocol.swift */ = {isa = PBXFileReference; fileEncoding = 4; lastKnownFileType = sourcecode.swift; path = DailyWeatherViewModelProtocol.swift; sourceTree = "<group>"; };
		A5537B7F1DEF427C00C48FC2 /* HourlyWeatherViewModelProtocol.swift */ = {isa = PBXFileReference; fileEncoding = 4; lastKnownFileType = sourcecode.swift; path = HourlyWeatherViewModelProtocol.swift; sourceTree = "<group>"; };
		A5537B811DEF427C00C48FC2 /* CurrentWeatherModel.swift */ = {isa = PBXFileReference; fileEncoding = 4; lastKnownFileType = sourcecode.swift; path = CurrentWeatherModel.swift; sourceTree = "<group>"; };
		A5537B821DEF427C00C48FC2 /* DailyWeatherModel.swift */ = {isa = PBXFileReference; fileEncoding = 4; lastKnownFileType = sourcecode.swift; path = DailyWeatherModel.swift; sourceTree = "<group>"; };
		A5537B831DEF427C00C48FC2 /* HourlyWeatherModel.swift */ = {isa = PBXFileReference; fileEncoding = 4; lastKnownFileType = sourcecode.swift; path = HourlyWeatherModel.swift; sourceTree = "<group>"; };
		A5537B851DEF427C00C48FC2 /* WeatherView.swift */ = {isa = PBXFileReference; fileEncoding = 4; lastKnownFileType = sourcecode.swift; path = WeatherView.swift; sourceTree = "<group>"; };
		A5537B871DEF427C00C48FC2 /* CurrentWeatherViewModel.swift */ = {isa = PBXFileReference; fileEncoding = 4; lastKnownFileType = sourcecode.swift; path = CurrentWeatherViewModel.swift; sourceTree = "<group>"; };
		A5537B881DEF427C00C48FC2 /* DailyWeatherViewModel.swift */ = {isa = PBXFileReference; fileEncoding = 4; lastKnownFileType = sourcecode.swift; path = DailyWeatherViewModel.swift; sourceTree = "<group>"; };
		A5537B891DEF427C00C48FC2 /* HourlyWeatherViewModel.swift */ = {isa = PBXFileReference; fileEncoding = 4; lastKnownFileType = sourcecode.swift; path = HourlyWeatherViewModel.swift; sourceTree = "<group>"; };
		A5537B9A1DEF42A100C48FC2 /* ColorExtension.swift */ = {isa = PBXFileReference; fileEncoding = 4; lastKnownFileType = sourcecode.swift; path = ColorExtension.swift; sourceTree = "<group>"; };
		A5537B9B1DEF42A100C48FC2 /* DesignableViewExtension.swift */ = {isa = PBXFileReference; fileEncoding = 4; lastKnownFileType = sourcecode.swift; path = DesignableViewExtension.swift; sourceTree = "<group>"; };
		A5537B9C1DEF42A100C48FC2 /* Dynamic.swift */ = {isa = PBXFileReference; fileEncoding = 4; lastKnownFileType = sourcecode.swift; path = Dynamic.swift; sourceTree = "<group>"; };
		A5537B9D1DEF42A100C48FC2 /* ImageViewExtension.swift */ = {isa = PBXFileReference; fileEncoding = 4; lastKnownFileType = sourcecode.swift; path = ImageViewExtension.swift; sourceTree = "<group>"; };
		A5537B9E1DEF42A100C48FC2 /* RandomNumberExtension.swift */ = {isa = PBXFileReference; fileEncoding = 4; lastKnownFileType = sourcecode.swift; path = RandomNumberExtension.swift; sourceTree = "<group>"; };
		A5537BA01DEF42A100C48FC2 /* AppDelegate.swift */ = {isa = PBXFileReference; fileEncoding = 4; lastKnownFileType = sourcecode.swift; path = AppDelegate.swift; sourceTree = "<group>"; };
		A5537BA21DEF42A100C48FC2 /* ColorsHelper.swift */ = {isa = PBXFileReference; fileEncoding = 4; lastKnownFileType = sourcecode.swift; path = ColorsHelper.swift; sourceTree = "<group>"; };
		A5F62CD01DEAC75400B37585 /* MyWeather.app */ = {isa = PBXFileReference; explicitFileType = wrapper.application; includeInIndex = 0; path = MyWeather.app; sourceTree = BUILT_PRODUCTS_DIR; };
		A5F62CE81DEAC79100B37585 /* Assets.xcassets */ = {isa = PBXFileReference; lastKnownFileType = folder.assetcatalog; path = Assets.xcassets; sourceTree = "<group>"; };
		A5F62CEA1DEAC79100B37585 /* Base */ = {isa = PBXFileReference; lastKnownFileType = file.storyboard; name = Base; path = Base.lproj/LaunchScreen.storyboard; sourceTree = "<group>"; };
		A5F62CEC1DEAC79100B37585 /* Base */ = {isa = PBXFileReference; lastKnownFileType = file.storyboard; name = Base; path = Base.lproj/Main.storyboard; sourceTree = "<group>"; };
		A5F62CFC1DEACB6700B37585 /* Info.plist */ = {isa = PBXFileReference; fileEncoding = 4; lastKnownFileType = text.plist.xml; name = Info.plist; path = MyWeather/Info.plist; sourceTree = SOURCE_ROOT; };
/* End PBXFileReference section */

/* Begin PBXFrameworksBuildPhase section */
		A5F62CCD1DEAC75400B37585 /* Frameworks */ = {
			isa = PBXFrameworksBuildPhase;
			buildActionMask = 2147483647;
			files = (
			);
			runOnlyForDeploymentPostprocessing = 0;
		};
/* End PBXFrameworksBuildPhase section */

/* Begin PBXGroup section */
		A5537B751DEF427C00C48FC2 /* Classes */ = {
			isa = PBXGroup;
			children = (
				A5537B991DEF42A100C48FC2 /* Extensions */,
				A5537B9F1DEF42A100C48FC2 /* App Delegate */,
				A5537BA11DEF42A100C48FC2 /* Helpers */,
				A5537B761DEF427C00C48FC2 /* Model Protocols */,
				A5537B7B1DEF427C00C48FC2 /* Model View Protocols */,
				A5537B801DEF427C00C48FC2 /* Models */,
				A5537B841DEF427C00C48FC2 /* View Controllers */,
				A5537B861DEF427C00C48FC2 /* View Models */,
			);
			path = Classes;
			sourceTree = "<group>";
		};
		A5537B761DEF427C00C48FC2 /* Model Protocols */ = {
			isa = PBXGroup;
			children = (
				A5537B771DEF427C00C48FC2 /* BaseWeatherProtocol.swift */,
				A5537B781DEF427C00C48FC2 /* CurrentWeatherProtocol.swift */,
				A5537B791DEF427C00C48FC2 /* DailyWeatherProtocol.swift */,
				A5537B7A1DEF427C00C48FC2 /* HourlyWeatherProtocol.swift */,
			);
			path = "Model Protocols";
			sourceTree = "<group>";
		};
		A5537B7B1DEF427C00C48FC2 /* Model View Protocols */ = {
			isa = PBXGroup;
			children = (
				A5537B7C1DEF427C00C48FC2 /* BaseWeatherViewModelProtocol.swift */,
				A5537B7D1DEF427C00C48FC2 /* CurrentWeatherViewModelProtocol.swift */,
				A5537B7E1DEF427C00C48FC2 /* DailyWeatherViewModelProtocol.swift */,
				A5537B7F1DEF427C00C48FC2 /* HourlyWeatherViewModelProtocol.swift */,
			);
			path = "Model View Protocols";
			sourceTree = "<group>";
		};
		A5537B801DEF427C00C48FC2 /* Models */ = {
			isa = PBXGroup;
			children = (
				A5537B811DEF427C00C48FC2 /* CurrentWeatherModel.swift */,
				A5537B821DEF427C00C48FC2 /* DailyWeatherModel.swift */,
				A5537B831DEF427C00C48FC2 /* HourlyWeatherModel.swift */,
			);
			path = Models;
			sourceTree = "<group>";
		};
		A5537B841DEF427C00C48FC2 /* View Controllers */ = {
			isa = PBXGroup;
			children = (
				A5537B851DEF427C00C48FC2 /* WeatherView.swift */,
			);
			path = "View Controllers";
			sourceTree = "<group>";
		};
		A5537B861DEF427C00C48FC2 /* View Models */ = {
			isa = PBXGroup;
			children = (
				A5537B871DEF427C00C48FC2 /* CurrentWeatherViewModel.swift */,
				A5537B881DEF427C00C48FC2 /* DailyWeatherViewModel.swift */,
				A5537B891DEF427C00C48FC2 /* HourlyWeatherViewModel.swift */,
			);
			path = "View Models";
			sourceTree = "<group>";
		};
		A5537B991DEF42A100C48FC2 /* Extensions */ = {
			isa = PBXGroup;
			children = (
				A5537B9A1DEF42A100C48FC2 /* ColorExtension.swift */,
				A5537B9B1DEF42A100C48FC2 /* DesignableViewExtension.swift */,
				A5537B9C1DEF42A100C48FC2 /* Dynamic.swift */,
				A5537B9D1DEF42A100C48FC2 /* ImageViewExtension.swift */,
				A5537B9E1DEF42A100C48FC2 /* RandomNumberExtension.swift */,
			);
			path = Extensions;
			sourceTree = "<group>";
		};
		A5537B9F1DEF42A100C48FC2 /* App Delegate */ = {
			isa = PBXGroup;
			children = (
				A5537BA01DEF42A100C48FC2 /* AppDelegate.swift */,
			);
			path = "App Delegate";
			sourceTree = "<group>";
		};
		A5537BA11DEF42A100C48FC2 /* Helpers */ = {
			isa = PBXGroup;
			children = (
				A5537BA21DEF42A100C48FC2 /* ColorsHelper.swift */,
			);
			path = Helpers;
			sourceTree = "<group>";
		};
		A5F62CC71DEAC75400B37585 = {
			isa = PBXGroup;
			children = (
				A5F62CD21DEAC75400B37585 /* MyWeather */,
				A5F62CD11DEAC75400B37585 /* Products */,
			);
			sourceTree = "<group>";
		};
		A5F62CD11DEAC75400B37585 /* Products */ = {
			isa = PBXGroup;
			children = (
				A5F62CD01DEAC75400B37585 /* MyWeather.app */,
			);
			name = Products;
			sourceTree = "<group>";
		};
		A5F62CD21DEAC75400B37585 /* MyWeather */ = {
			isa = PBXGroup;
			children = (
				A5537B751DEF427C00C48FC2 /* Classes */,
				A5F62CE71DEAC79100B37585 /* Resources */,
			);
			path = MyWeather;
			sourceTree = "<group>";
		};
		A5F62CE71DEAC79100B37585 /* Resources */ = {
			isa = PBXGroup;
			children = (
				A5F62CFC1DEACB6700B37585 /* Info.plist */,
				A5F62CE81DEAC79100B37585 /* Assets.xcassets */,
				A5F62CE91DEAC79100B37585 /* LaunchScreen.storyboard */,
				A5F62CEB1DEAC79100B37585 /* Main.storyboard */,
			);
			path = Resources;
			sourceTree = "<group>";
		};
/* End PBXGroup section */

/* Begin PBXNativeTarget section */
		A5F62CCF1DEAC75400B37585 /* MyWeather */ = {
			isa = PBXNativeTarget;
			buildConfigurationList = A5F62CE21DEAC75400B37585 /* Build configuration list for PBXNativeTarget "MyWeather" */;
			buildPhases = (
				A5F62CCC1DEAC75400B37585 /* Sources */,
				A5F62CCD1DEAC75400B37585 /* Frameworks */,
				A5F62CCE1DEAC75400B37585 /* Resources */,
			);
			buildRules = (
			);
			dependencies = (
			);
			name = MyWeather;
			productName = MyWeather;
			productReference = A5F62CD01DEAC75400B37585 /* MyWeather.app */;
			productType = "com.apple.product-type.application";
		};
/* End PBXNativeTarget section */

/* Begin PBXProject section */
		A5F62CC81DEAC75400B37585 /* Project object */ = {
			isa = PBXProject;
			attributes = {
				LastSwiftUpdateCheck = 0810;
				LastUpgradeCheck = 0810;
				ORGANIZATIONNAME = "Sergey Kostyan";
				TargetAttributes = {
					A5F62CCF1DEAC75400B37585 = {
						CreatedOnToolsVersion = 8.1;
						LastSwiftMigration = 0810;
						ProvisioningStyle = Automatic;
					};
				};
			};
			buildConfigurationList = A5F62CCB1DEAC75400B37585 /* Build configuration list for PBXProject "MyWeather" */;
			compatibilityVersion = "Xcode 3.2";
			developmentRegion = English;
			hasScannedForEncodings = 0;
			knownRegions = (
				en,
				Base,
			);
			mainGroup = A5F62CC71DEAC75400B37585;
			productRefGroup = A5F62CD11DEAC75400B37585 /* Products */;
			projectDirPath = "";
			projectRoot = "";
			targets = (
				A5F62CCF1DEAC75400B37585 /* MyWeather */,
			);
		};
/* End PBXProject section */

/* Begin PBXResourcesBuildPhase section */
		A5F62CCE1DEAC75400B37585 /* Resources */ = {
			isa = PBXResourcesBuildPhase;
			buildActionMask = 2147483647;
			files = (
				A5F62CFD1DEACB6700B37585 /* Info.plist in Resources */,
				A5F62CF31DEAC79100B37585 /* Main.storyboard in Resources */,
				A5F62CF11DEAC79100B37585 /* Assets.xcassets in Resources */,
				A5F62CF21DEAC79100B37585 /* LaunchScreen.storyboard in Resources */,
			);
			runOnlyForDeploymentPostprocessing = 0;
		};
/* End PBXResourcesBuildPhase section */

/* Begin PBXSourcesBuildPhase section */
		A5F62CCC1DEAC75400B37585 /* Sources */ = {
			isa = PBXSourcesBuildPhase;
			buildActionMask = 2147483647;
			files = (
				A5537B8B1DEF427C00C48FC2 /* CurrentWeatherProtocol.swift in Sources */,
				A5537BA71DEF42A100C48FC2 /* RandomNumberExtension.swift in Sources */,
				A5537B8F1DEF427C00C48FC2 /* CurrentWeatherViewModelProtocol.swift in Sources */,
				A5537B931DEF427C00C48FC2 /* DailyWeatherModel.swift in Sources */,
				A5537BA51DEF42A100C48FC2 /* Dynamic.swift in Sources */,
				A5537B971DEF427C00C48FC2 /* DailyWeatherViewModel.swift in Sources */,
				A5537B901DEF427C00C48FC2 /* DailyWeatherViewModelProtocol.swift in Sources */,
				A5537B8E1DEF427C00C48FC2 /* BaseWeatherViewModelProtocol.swift in Sources */,
				A5537BA61DEF42A100C48FC2 /* ImageViewExtension.swift in Sources */,
				A5537B8C1DEF427C00C48FC2 /* DailyWeatherProtocol.swift in Sources */,
				A5537B961DEF427C00C48FC2 /* CurrentWeatherViewModel.swift in Sources */,
				A5537BA41DEF42A100C48FC2 /* DesignableViewExtension.swift in Sources */,
				A5537B951DEF427C00C48FC2 /* WeatherView.swift in Sources */,
				A5537BA91DEF42A100C48FC2 /* ColorsHelper.swift in Sources */,
				A5537B941DEF427C00C48FC2 /* HourlyWeatherModel.swift in Sources */,
				A5537B8A1DEF427C00C48FC2 /* BaseWeatherProtocol.swift in Sources */,
				A5537BA31DEF42A100C48FC2 /* ColorExtension.swift in Sources */,
				A5537B8D1DEF427C00C48FC2 /* HourlyWeatherProtocol.swift in Sources */,
				A5537B921DEF427C00C48FC2 /* CurrentWeatherModel.swift in Sources */,
				A5537BA81DEF42A100C48FC2 /* AppDelegate.swift in Sources */,
				A5537B911DEF427C00C48FC2 /* HourlyWeatherViewModelProtocol.swift in Sources */,
				A5537B981DEF427C00C48FC2 /* HourlyWeatherViewModel.swift in Sources */,
			);
			runOnlyForDeploymentPostprocessing = 0;
		};
/* End PBXSourcesBuildPhase section */

/* Begin PBXVariantGroup section */
		A5F62CE91DEAC79100B37585 /* LaunchScreen.storyboard */ = {
			isa = PBXVariantGroup;
			children = (
				A5F62CEA1DEAC79100B37585 /* Base */,
			);
			name = LaunchScreen.storyboard;
			sourceTree = "<group>";
		};
		A5F62CEB1DEAC79100B37585 /* Main.storyboard */ = {
			isa = PBXVariantGroup;
			children = (
				A5F62CEC1DEAC79100B37585 /* Base */,
			);
			name = Main.storyboard;
			sourceTree = "<group>";
		};
/* End PBXVariantGroup section */

/* Begin XCBuildConfiguration section */
		A5F62CE01DEAC75400B37585 /* Debug */ = {
			isa = XCBuildConfiguration;
			buildSettings = {
				ALWAYS_SEARCH_USER_PATHS = NO;
				CLANG_ANALYZER_NONNULL = YES;
				CLANG_CXX_LANGUAGE_STANDARD = "gnu++0x";
				CLANG_CXX_LIBRARY = "libc++";
				CLANG_ENABLE_MODULES = YES;
				CLANG_ENABLE_OBJC_ARC = YES;
				CLANG_WARN_BOOL_CONVERSION = YES;
				CLANG_WARN_CONSTANT_CONVERSION = YES;
				CLANG_WARN_DIRECT_OBJC_ISA_USAGE = YES_ERROR;
				CLANG_WARN_DOCUMENTATION_COMMENTS = YES;
				CLANG_WARN_EMPTY_BODY = YES;
				CLANG_WARN_ENUM_CONVERSION = YES;
				CLANG_WARN_INFINITE_RECURSION = YES;
				CLANG_WARN_INT_CONVERSION = YES;
				CLANG_WARN_OBJC_ROOT_CLASS = YES_ERROR;
				CLANG_WARN_SUSPICIOUS_MOVES = YES;
				CLANG_WARN_UNREACHABLE_CODE = YES;
				CLANG_WARN__DUPLICATE_METHOD_MATCH = YES;
				"CODE_SIGN_IDENTITY[sdk=iphoneos*]" = "iPhone Developer";
				COPY_PHASE_STRIP = NO;
				DEBUG_INFORMATION_FORMAT = dwarf;
				ENABLE_STRICT_OBJC_MSGSEND = YES;
				ENABLE_TESTABILITY = YES;
				GCC_C_LANGUAGE_STANDARD = gnu99;
				GCC_DYNAMIC_NO_PIC = NO;
				GCC_NO_COMMON_BLOCKS = YES;
				GCC_OPTIMIZATION_LEVEL = 0;
				GCC_PREPROCESSOR_DEFINITIONS = (
					"DEBUG=1",
					"$(inherited)",
				);
				GCC_WARN_64_TO_32_BIT_CONVERSION = YES;
				GCC_WARN_ABOUT_RETURN_TYPE = YES_ERROR;
				GCC_WARN_UNDECLARED_SELECTOR = YES;
				GCC_WARN_UNINITIALIZED_AUTOS = YES_AGGRESSIVE;
				GCC_WARN_UNUSED_FUNCTION = YES;
				GCC_WARN_UNUSED_VARIABLE = YES;
				IPHONEOS_DEPLOYMENT_TARGET = 10.1;
				MTL_ENABLE_DEBUG_INFO = YES;
				ONLY_ACTIVE_ARCH = YES;
				SDKROOT = iphoneos;
				SWIFT_ACTIVE_COMPILATION_CONDITIONS = DEBUG;
				SWIFT_OPTIMIZATION_LEVEL = "-Onone";
			};
			name = Debug;
		};
		A5F62CE11DEAC75400B37585 /* Release */ = {
			isa = XCBuildConfiguration;
			buildSettings = {
				ALWAYS_SEARCH_USER_PATHS = NO;
				CLANG_ANALYZER_NONNULL = YES;
				CLANG_CXX_LANGUAGE_STANDARD = "gnu++0x";
				CLANG_CXX_LIBRARY = "libc++";
				CLANG_ENABLE_MODULES = YES;
				CLANG_ENABLE_OBJC_ARC = YES;
				CLANG_WARN_BOOL_CONVERSION = YES;
				CLANG_WARN_CONSTANT_CONVERSION = YES;
				CLANG_WARN_DIRECT_OBJC_ISA_USAGE = YES_ERROR;
				CLANG_WARN_DOCUMENTATION_COMMENTS = YES;
				CLANG_WARN_EMPTY_BODY = YES;
				CLANG_WARN_ENUM_CONVERSION = YES;
				CLANG_WARN_INFINITE_RECURSION = YES;
				CLANG_WARN_INT_CONVERSION = YES;
				CLANG_WARN_OBJC_ROOT_CLASS = YES_ERROR;
				CLANG_WARN_SUSPICIOUS_MOVES = YES;
				CLANG_WARN_UNREACHABLE_CODE = YES;
				CLANG_WARN__DUPLICATE_METHOD_MATCH = YES;
				"CODE_SIGN_IDENTITY[sdk=iphoneos*]" = "iPhone Developer";
				COPY_PHASE_STRIP = NO;
				DEBUG_INFORMATION_FORMAT = "dwarf-with-dsym";
				ENABLE_NS_ASSERTIONS = NO;
				ENABLE_STRICT_OBJC_MSGSEND = YES;
				GCC_C_LANGUAGE_STANDARD = gnu99;
				GCC_NO_COMMON_BLOCKS = YES;
				GCC_WARN_64_TO_32_BIT_CONVERSION = YES;
				GCC_WARN_ABOUT_RETURN_TYPE = YES_ERROR;
				GCC_WARN_UNDECLARED_SELECTOR = YES;
				GCC_WARN_UNINITIALIZED_AUTOS = YES_AGGRESSIVE;
				GCC_WARN_UNUSED_FUNCTION = YES;
				GCC_WARN_UNUSED_VARIABLE = YES;
				IPHONEOS_DEPLOYMENT_TARGET = 10.1;
				MTL_ENABLE_DEBUG_INFO = NO;
				SDKROOT = iphoneos;
				SWIFT_OPTIMIZATION_LEVEL = "-Owholemodule";
				VALIDATE_PRODUCT = YES;
			};
			name = Release;
		};
		A5F62CE31DEAC75400B37585 /* Debug */ = {
			isa = XCBuildConfiguration;
			buildSettings = {
				ASSETCATALOG_COMPILER_APPICON_NAME = AppIcon;
				CLANG_ENABLE_MODULES = YES;
				INFOPLIST_FILE = MyWeather/Info.plist;
				LD_RUNPATH_SEARCH_PATHS = "$(inherited) @executable_path/Frameworks";
				PRODUCT_BUNDLE_IDENTIFIER = com.sk.MyWeather;
				PRODUCT_NAME = "$(TARGET_NAME)";
				SWIFT_OPTIMIZATION_LEVEL = "-Onone";
				SWIFT_VERSION = 3.0;
			};
			name = Debug;
		};
		A5F62CE41DEAC75400B37585 /* Release */ = {
			isa = XCBuildConfiguration;
			buildSettings = {
				ASSETCATALOG_COMPILER_APPICON_NAME = AppIcon;
				CLANG_ENABLE_MODULES = YES;
				INFOPLIST_FILE = MyWeather/Info.plist;
				LD_RUNPATH_SEARCH_PATHS = "$(inherited) @executable_path/Frameworks";
				PRODUCT_BUNDLE_IDENTIFIER = com.sk.MyWeather;
				PRODUCT_NAME = "$(TARGET_NAME)";
				SWIFT_VERSION = 3.0;
			};
			name = Release;
		};
/* End XCBuildConfiguration section */

/* Begin XCConfigurationList section */
		A5F62CCB1DEAC75400B37585 /* Build configuration list for PBXProject "MyWeather" */ = {
			isa = XCConfigurationList;
			buildConfigurations = (
				A5F62CE01DEAC75400B37585 /* Debug */,
				A5F62CE11DEAC75400B37585 /* Release */,
			);
			defaultConfigurationIsVisible = 0;
			defaultConfigurationName = Release;
		};
		A5F62CE21DEAC75400B37585 /* Build configuration list for PBXNativeTarget "MyWeather" */ = {
			isa = XCConfigurationList;
			buildConfigurations = (
				A5F62CE31DEAC75400B37585 /* Debug */,
				A5F62CE41DEAC75400B37585 /* Release */,
			);
			defaultConfigurationIsVisible = 0;
			defaultConfigurationName = Release;
		};
/* End XCConfigurationList section */
	};
	rootObject = A5F62CC81DEAC75400B37585 /* Project object */;
}
